
Microsoft Visual Studio Solution File, Format Version 12.00
# Visual Studio Version 16
VisualStudioVersion = 16.0.31424.327
MinimumVisualStudioVersion = 10.0.40219.1
Project("{FAE04EC0-301F-11D3-BF4B-00C04F79EFBC}") = "TrainingApp", "TrainingApp\TrainingApp.csproj", "{C1CFD02F-2E93-4B7F-AAB8-01B3CAA036B7}"
EndProject
Global
	GlobalSection(SolutionConfigurationPlatforms) = preSolution
		Debug|Any CPU = Debug|Any CPU
		Release|Any CPU = Release|Any CPU
	EndGlobalSection
	GlobalSection(ProjectConfigurationPlatforms) = postSolution
		{C1CFD02F-2E93-4B7F-AAB8-01B3CAA036B7}.Debug|Any CPU.ActiveCfg = Debug|Any CPU
		{C1CFD02F-2E93-4B7F-AAB8-01B3CAA036B7}.Debug|Any CPU.Build.0 = Debug|Any CPU
		{C1CFD02F-2E93-4B7F-AAB8-01B3CAA036B7}.Release|Any CPU.ActiveCfg = Release|Any CPU
		{C1CFD02F-2E93-4B7F-AAB8-01B3CAA036B7}.Release|Any CPU.Build.0 = Release|Any CPU
	EndGlobalSection
	GlobalSection(SolutionProperties) = preSolution
		HideSolutionNode = FALSE
	EndGlobalSection
	GlobalSection(ExtensibilityGlobals) = postSolution
		SolutionGuid = {08337497-F875-4D32-84E0-CFE6288B9A2C}
	EndGlobalSection
EndGlobal
